env_n2: # 事件名
    energy_mul: -0.5 # 能量 x50%
    mineral_mul: -0.5 # 矿物 x50%
    food_mul: -0.5 # 食物 x50

env_n1:
    energy_mul: -0.2
    mineral_mul: -0.2
    food_mul: -0.2

env_p1:
    energy_mul: 0.2
    mineral_mul: 0.2
    food_mul: 0.2

env_p2:
    energy_mul: 0.5
    mineral_mul: 0.5
    food_mul: 0.5
